
Microsoft Visual Studio Solution File, Format Version 12.00
# Visual Studio Version 17
VisualStudioVersion = 17.13.35931.197 d17.13
MinimumVisualStudioVersion = 10.0.40219.1
Project("{FAE04EC0-301F-11D3-BF4B-00C04F79EFBC}") = "fs-console-2025-04-15", "fs-console-2025-04-15\fs-console-2025-04-15.csproj", "{F1A4BDC7-6BA4-4B5E-A02A-1346CAFEBB3B}"
EndProject
Global
	GlobalSection(SolutionConfigurationPlatforms) = preSolution
		Debug|Any CPU = Debug|Any CPU
		Release|Any CPU = Release|Any CPU
	EndGlobalSection
	GlobalSection(ProjectConfigurationPlatforms) = postSolution
		{F1A4BDC7-6BA4-4B5E-A02A-1346CAFEBB3B}.Debug|Any CPU.ActiveCfg = Debug|Any CPU
		{F1A4BDC7-6BA4-4B5E-A02A-1346CAFEBB3B}.Debug|Any CPU.Build.0 = Debug|Any CPU
		{F1A4BDC7-6BA4-4B5E-A02A-1346CAFEBB3B}.Release|Any CPU.ActiveCfg = Release|Any CPU
		{F1A4BDC7-6BA4-4B5E-A02A-1346CAFEBB3B}.Release|Any CPU.Build.0 = Release|Any CPU
	EndGlobalSection
	GlobalSection(SolutionProperties) = preSolution
		HideSolutionNode = FALSE
	EndGlobalSection
	GlobalSection(ExtensibilityGlobals) = postSolution
		SolutionGuid = {1DDE2A36-ED69-40E4-A1C9-DD09AF97BC74}
	EndGlobalSection
EndGlobal
